{
  "name": "signal-client-test",
  "lockfileVersion": 3,
  "requires": true,
  "packages": {
    "": {
      "dependencies": {
        "@signalapp/signal-client": "^0.14.0"
      }
    },
    "node_modules/@signalapp/signal-client": {
      "version": "0.14.0",
      "resolved": "https://registry.npmjs.org/@signalapp/signal-client/-/signal-client-0.14.0.tgz",
      "integrity": "sha512-cET83TFrjzs8bXUvr0EUqX0Vh2hmrsTwLvJVNi3w0DOu4EVwdp+cHHROsbGz/GYqanvftPHfphr/io3iotfxOQ==",
      "deprecated": "WARNING: This project has been renamed to @signalapp/libsignal-client. Install using @signalapp/libsignal-client instead.",
      "hasInstallScript": true,
      "dependencies": {
        "node-gyp-build": "^4.2.3",
        "uuid": "^8.3.0"
      }
    },
    "node_modules/node-gyp-build": {
      "version": "4.8.4",
      "resolved": "https://registry.npmjs.org/node-gyp-build/-/node-gyp-build-4.8.4.tgz",
      "integrity": "sha512-LA4ZjwlnUblHVgq0oBF3Jl/6h/Nvs5fzBLwdEF4nuxnFdsfajde4WfxtJr3CaiH+F6ewcIB/q4jQ4UzPyid+CQ==",
      "bin": {
        "node-gyp-build": "bin.js",
        "node-gyp-build-optional": "optional.js",
        "node-gyp-build-test": "build-test.js"
      }
    },
    "node_modules/uuid": {
      "version": "8.3.2",
      "resolved": "https://registry.npmjs.org/uuid/-/uuid-8.3.2.tgz",
      "integrity": "sha512-+NYs2QeMWy+GWFOEm9xnn6HCDp0l7QBD7ml8zLUmJ+93Q5NF0NocErnwkTkXVFNiX3/fpC6afS8Dhb/gz7R7eg==",
      "bin": {
        "uuid": "dist/bin/uuid"
      }
    }
  }
}
